
Microsoft Visual Studio Solution File, Format Version 12.00
# Visual Studio Version 16
VisualStudioVersion = 16.0.29318.209
MinimumVisualStudioVersion = 10.0.40219.1
Project("{FAE04EC0-301F-11D3-BF4B-00C04F79EFBC}") = "EncodingConvertor", "EncodingConvertor.csproj", "{EA315778-391B-42B3-9B75-5B5047B991FB}"
EndProject
Global
	GlobalSection(SolutionConfigurationPlatforms) = preSolution
		Debug|Any CPU = Debug|Any CPU
		Release|Any CPU = Release|Any CPU
	EndGlobalSection
	GlobalSection(ProjectConfigurationPlatforms) = postSolution
		{EA315778-391B-42B3-9B75-5B5047B991FB}.Debug|Any CPU.ActiveCfg = Debug|Any CPU
		{EA315778-391B-42B3-9B75-5B5047B991FB}.Debug|Any CPU.Build.0 = Debug|Any CPU
		{EA315778-391B-42B3-9B75-5B5047B991FB}.Release|Any CPU.ActiveCfg = Release|Any CPU
		{EA315778-391B-42B3-9B75-5B5047B991FB}.Release|Any CPU.Build.0 = Release|Any CPU
	EndGlobalSection
	GlobalSection(SolutionProperties) = preSolution
		HideSolutionNode = FALSE
	EndGlobalSection
	GlobalSection(ExtensibilityGlobals) = postSolution
		SolutionGuid = {E39316C1-C4A3-476F-8035-0D7096A95586}
	EndGlobalSection
EndGlobal
